// !$*UTF8*$!
{
	archiveVersion = 1;
	classes = {
	};
	objectVersion = 46;
	objects = {

/* Begin PBXBuildFile section */
		1D3623260D0F684500981E51 /* ReaderAppDelegate.m in Sources */ = {isa = PBXBuildFile; fileRef = 1D3623250D0F684500981E51 /* ReaderAppDelegate.m */; };
		1D60589B0D05DD56006BFB54 /* main.m in Sources */ = {isa = PBXBuildFile; fileRef = 29B97316FDCFA39411CA2CEA /* main.m */; };
		1D60589F0D05DD5A006BFB54 /* Foundation.framework in Frameworks */ = {isa = PBXBuildFile; fileRef = 1D30AB110D05D00D00671497 /* Foundation.framework */; };
		1DF5F4E00D08C38300B7A737 /* UIKit.framework in Frameworks */ = {isa = PBXBuildFile; fileRef = 1DF5F4DF0D08C38300B7A737 /* UIKit.framework */; };
		288765FD0DF74451002DB57D /* CoreGraphics.framework in Frameworks */ = {isa = PBXBuildFile; fileRef = 288765FC0DF74451002DB57D /* CoreGraphics.framework */; };
		450A670411D27B9D00014BF5 /* QuartzCore.framework in Frameworks */ = {isa = PBXBuildFile; fileRef = 450A670311D27B9D00014BF5 /* QuartzCore.framework */; };
		450A670F11D27BCD00014BF5 /* AppIcon-057.png in Resources */ = {isa = PBXBuildFile; fileRef = 450A670C11D27BCD00014BF5 /* AppIcon-057.png */; };
		450A671011D27BCD00014BF5 /* AppIcon-072.png in Resources */ = {isa = PBXBuildFile; fileRef = 450A670D11D27BCD00014BF5 /* AppIcon-072.png */; };
		450A671111D27BCD00014BF5 /* AppIcon-114.png in Resources */ = {isa = PBXBuildFile; fileRef = 450A670E11D27BCD00014BF5 /* AppIcon-114.png */; };
		451D32AA1417C25D00A67E4C /* ReaderThumbRender.m in Sources */ = {isa = PBXBuildFile; fileRef = 451D32A91417C25D00A67E4C /* ReaderThumbRender.m */; };
		4534A869125F658F001F3415 /* LICENSE in Resources */ = {isa = PBXBuildFile; fileRef = 4534A868125F658F001F3415 /* LICENSE */; };
		4541A9D8122EA716001A5E60 /* Localizable.strings in Resources */ = {isa = PBXBuildFile; fileRef = 4541A9D7122EA716001A5E60 /* Localizable.strings */; };
		456E5A6913DF216D00648175 /* Reader-Email.png in Resources */ = {isa = PBXBuildFile; fileRef = 456E5A6513DF216D00648175 /* Reader-Email.png */; };
		456E5A6A13DF216D00648175 /* Reader-Email@2x.png in Resources */ = {isa = PBXBuildFile; fileRef = 456E5A6613DF216D00648175 /* Reader-Email@2x.png */; };
		456E5A6B13DF216D00648175 /* Reader-Print.png in Resources */ = {isa = PBXBuildFile; fileRef = 456E5A6713DF216D00648175 /* Reader-Print.png */; };
		456E5A6C13DF216D00648175 /* Reader-Print@2x.png in Resources */ = {isa = PBXBuildFile; fileRef = 456E5A6813DF216D00648175 /* Reader-Print@2x.png */; };
		458DDF83140D34A900C5DA94 /* ReaderThumbFetch.m in Sources */ = {isa = PBXBuildFile; fileRef = 458DDF82140D34A900C5DA94 /* ReaderThumbFetch.m */; };
		458DDFD7140D45FA00C5DA94 /* ImageIO.framework in Frameworks */ = {isa = PBXBuildFile; fileRef = 458DDFD6140D45FA00C5DA94 /* ImageIO.framework */; };
		45A4AD5312395BE6005D5625 /* Document.pdf in Resources */ = {isa = PBXBuildFile; fileRef = 45A4AD5212395BE6005D5625 /* Document.pdf */; };
		45A981F113E3063600D2714C /* ReaderDemoController.m in Sources */ = {isa = PBXBuildFile; fileRef = 45A981F013E3063600D2714C /* ReaderDemoController.m */; };
		45BD5A8F13AE6DEC00D6FE97 /* ReaderConstants.m in Sources */ = {isa = PBXBuildFile; fileRef = 45BD5A8C13AE6DEC00D6FE97 /* ReaderConstants.m */; };
		45BD5A9013AE6DEC00D6FE97 /* ReaderViewController.m in Sources */ = {isa = PBXBuildFile; fileRef = 45BD5A8E13AE6DEC00D6FE97 /* ReaderViewController.m */; };
		45BD5AB513AE6F0200D6FE97 /* CGPDFDocument.m in Sources */ = {isa = PBXBuildFile; fileRef = 45BD5A9213AE6F0200D6FE97 /* CGPDFDocument.m */; };
		45BD5AB613AE6F0200D6FE97 /* ReaderDocument.m in Sources */ = {isa = PBXBuildFile; fileRef = 45BD5A9413AE6F0200D6FE97 /* ReaderDocument.m */; };
		45BD5AB813AE6F0200D6FE97 /* ReaderContentPage.m in Sources */ = {isa = PBXBuildFile; fileRef = 45BD5A9813AE6F0200D6FE97 /* ReaderContentPage.m */; };
		45BD5AB913AE6F0200D6FE97 /* ReaderContentTile.m in Sources */ = {isa = PBXBuildFile; fileRef = 45BD5A9A13AE6F0200D6FE97 /* ReaderContentTile.m */; };
		45BD5ABA13AE6F0200D6FE97 /* ReaderContentView.m in Sources */ = {isa = PBXBuildFile; fileRef = 45BD5A9C13AE6F0200D6FE97 /* ReaderContentView.m */; };
		45BD5ABB13AE6F0200D6FE97 /* ReaderMainPagebar.m in Sources */ = {isa = PBXBuildFile; fileRef = 45BD5A9E13AE6F0200D6FE97 /* ReaderMainPagebar.m */; };
		45BD5ABC13AE6F0200D6FE97 /* ReaderMainToolbar.m in Sources */ = {isa = PBXBuildFile; fileRef = 45BD5AA013AE6F0200D6FE97 /* ReaderMainToolbar.m */; };
		45BD5ABE13AE6F0200D6FE97 /* ReaderScrollView.m in Sources */ = {isa = PBXBuildFile; fileRef = 45BD5AA413AE6F0200D6FE97 /* ReaderScrollView.m */; };
		45BD5AFE13AE721A00D6FE97 /* MessageUI.framework in Frameworks */ = {isa = PBXBuildFile; fileRef = 45BD5AFD13AE721A00D6FE97 /* MessageUI.framework */; };
		45BF2DEA12329FA500544AC1 /* AppIcon-PDF.png in Resources */ = {isa = PBXBuildFile; fileRef = 45BF2DE912329FA500544AC1 /* AppIcon-PDF.png */; };
		45CED633140BD2720092F460 /* ReaderThumbCache.m in Sources */ = {isa = PBXBuildFile; fileRef = 45CED632140BD2720092F460 /* ReaderThumbCache.m */; };
		45CED65D140BEF8D0092F460 /* ReaderThumbQueue.m in Sources */ = {isa = PBXBuildFile; fileRef = 45CED65C140BEF8D0092F460 /* ReaderThumbQueue.m */; };
		45CED666140BF19E0092F460 /* ReaderThumbView.m in Sources */ = {isa = PBXBuildFile; fileRef = 45CED665140BF19E0092F460 /* ReaderThumbView.m */; };
		45EFD9761236D8EA00AAE9B3 /* README in Resources */ = {isa = PBXBuildFile; fileRef = 45EFD9751236D8EA00AAE9B3 /* README */; };
		45FF783F140C065700CD8933 /* ReaderThumbRequest.m in Sources */ = {isa = PBXBuildFile; fileRef = 45FF783E140C065700CD8933 /* ReaderThumbRequest.m */; };
/* End PBXBuildFile section */

/* Begin PBXFileReference section */
		1D30AB110D05D00D00671497 /* Foundation.framework */ = {isa = PBXFileReference; lastKnownFileType = wrapper.framework; name = Foundation.framework; path = System/Library/Frameworks/Foundation.framework; sourceTree = SDKROOT; };
		1D3623240D0F684500981E51 /* ReaderAppDelegate.h */ = {isa = PBXFileReference; fileEncoding = 4; lastKnownFileType = sourcecode.c.h; path = ReaderAppDelegate.h; sourceTree = "<group>"; };
		1D3623250D0F684500981E51 /* ReaderAppDelegate.m */ = {isa = PBXFileReference; fileEncoding = 4; lastKnownFileType = sourcecode.c.objc; path = ReaderAppDelegate.m; sourceTree = "<group>"; };
		1D6058910D05DD3D006BFB54 /* Reader.app */ = {isa = PBXFileReference; explicitFileType = wrapper.application; includeInIndex = 0; path = Reader.app; sourceTree = BUILT_PRODUCTS_DIR; };
		1DF5F4DF0D08C38300B7A737 /* UIKit.framework */ = {isa = PBXFileReference; lastKnownFileType = wrapper.framework; name = UIKit.framework; path = System/Library/Frameworks/UIKit.framework; sourceTree = SDKROOT; };
		288765FC0DF74451002DB57D /* CoreGraphics.framework */ = {isa = PBXFileReference; lastKnownFileType = wrapper.framework; name = CoreGraphics.framework; path = System/Library/Frameworks/CoreGraphics.framework; sourceTree = SDKROOT; };
		29B97316FDCFA39411CA2CEA /* main.m */ = {isa = PBXFileReference; fileEncoding = 4; lastKnownFileType = sourcecode.c.objc; path = main.m; sourceTree = "<group>"; };
		32CA4F630368D1EE00C91783 /* Reader_Prefix.pch */ = {isa = PBXFileReference; fileEncoding = 4; lastKnownFileType = sourcecode.c.h; path = Reader_Prefix.pch; sourceTree = "<group>"; };
		450A670311D27B9D00014BF5 /* QuartzCore.framework */ = {isa = PBXFileReference; lastKnownFileType = wrapper.framework; name = QuartzCore.framework; path = System/Library/Frameworks/QuartzCore.framework; sourceTree = SDKROOT; };
		450A670C11D27BCD00014BF5 /* AppIcon-057.png */ = {isa = PBXFileReference; lastKnownFileType = image.png; name = "AppIcon-057.png"; path = "Graphics/AppIcon-057.png"; sourceTree = "<group>"; };
		450A670D11D27BCD00014BF5 /* AppIcon-072.png */ = {isa = PBXFileReference; lastKnownFileType = image.png; name = "AppIcon-072.png"; path = "Graphics/AppIcon-072.png"; sourceTree = "<group>"; };
		450A670E11D27BCD00014BF5 /* AppIcon-114.png */ = {isa = PBXFileReference; lastKnownFileType = image.png; name = "AppIcon-114.png"; path = "Graphics/AppIcon-114.png"; sourceTree = "<group>"; };
		451D32A81417C25D00A67E4C /* ReaderThumbRender.h */ = {isa = PBXFileReference; fileEncoding = 4; lastKnownFileType = sourcecode.c.h; name = ReaderThumbRender.h; path = Sources/ReaderThumbRender.h; sourceTree = "<group>"; };
		451D32A91417C25D00A67E4C /* ReaderThumbRender.m */ = {isa = PBXFileReference; fileEncoding = 4; lastKnownFileType = sourcecode.c.objc; name = ReaderThumbRender.m; path = Sources/ReaderThumbRender.m; sourceTree = "<group>"; };
		4534A868125F658F001F3415 /* LICENSE */ = {isa = PBXFileReference; fileEncoding = 4; indentWidth = 8; lastKnownFileType = text; path = LICENSE; sourceTree = "<group>"; tabWidth = 8; };
		4541A9D5122EA686001A5E60 /* en */ = {isa = PBXFileReference; fileEncoding = 10; lastKnownFileType = text.plist.strings; name = en; path = Resources/en.lproj/Localizable.strings; sourceTree = "<group>"; };
		456E5A6513DF216D00648175 /* Reader-Email.png */ = {isa = PBXFileReference; lastKnownFileType = image.png; name = "Reader-Email.png"; path = "Graphics/Reader-Email.png"; sourceTree = "<group>"; };
		456E5A6613DF216D00648175 /* Reader-Email@2x.png */ = {isa = PBXFileReference; lastKnownFileType = image.png; name = "Reader-Email@2x.png"; path = "Graphics/Reader-Email@2x.png"; sourceTree = "<group>"; };
		456E5A6713DF216D00648175 /* Reader-Print.png */ = {isa = PBXFileReference; lastKnownFileType = image.png; name = "Reader-Print.png"; path = "Graphics/Reader-Print.png"; sourceTree = "<group>"; };
		456E5A6813DF216D00648175 /* Reader-Print@2x.png */ = {isa = PBXFileReference; lastKnownFileType = image.png; name = "Reader-Print@2x.png"; path = "Graphics/Reader-Print@2x.png"; sourceTree = "<group>"; };
		458DDF81140D34A900C5DA94 /* ReaderThumbFetch.h */ = {isa = PBXFileReference; fileEncoding = 4; lastKnownFileType = sourcecode.c.h; name = ReaderThumbFetch.h; path = Sources/ReaderThumbFetch.h; sourceTree = "<group>"; };
		458DDF82140D34A900C5DA94 /* ReaderThumbFetch.m */ = {isa = PBXFileReference; fileEncoding = 4; lastKnownFileType = sourcecode.c.objc; name = ReaderThumbFetch.m; path = Sources/ReaderThumbFetch.m; sourceTree = "<group>"; };
		458DDFD6140D45FA00C5DA94 /* ImageIO.framework */ = {isa = PBXFileReference; lastKnownFileType = wrapper.framework; name = ImageIO.framework; path = System/Library/Frameworks/ImageIO.framework; sourceTree = SDKROOT; };
		45A4AD5212395BE6005D5625 /* Document.pdf */ = {isa = PBXFileReference; lastKnownFileType = image.pdf; name = Document.pdf; path = Resources/Document.pdf; sourceTree = "<group>"; };
		45A981EF13E3063600D2714C /* ReaderDemoController.h */ = {isa = PBXFileReference; fileEncoding = 4; lastKnownFileType = sourcecode.c.h; path = ReaderDemoController.h; sourceTree = "<group>"; };
		45A981F013E3063600D2714C /* ReaderDemoController.m */ = {isa = PBXFileReference; fileEncoding = 4; lastKnownFileType = sourcecode.c.objc; path = ReaderDemoController.m; sourceTree = "<group>"; };
		45BD5A8B13AE6DEC00D6FE97 /* ReaderConstants.h */ = {isa = PBXFileReference; fileEncoding = 4; lastKnownFileType = sourcecode.c.h; name = ReaderConstants.h; path = Sources/ReaderConstants.h; sourceTree = "<group>"; };
		45BD5A8C13AE6DEC00D6FE97 /* ReaderConstants.m */ = {isa = PBXFileReference; fileEncoding = 4; lastKnownFileType = sourcecode.c.objc; name = ReaderConstants.m; path = Sources/ReaderConstants.m; sourceTree = "<group>"; };
		45BD5A8D13AE6DEC00D6FE97 /* ReaderViewController.h */ = {isa = PBXFileReference; fileEncoding = 4; lastKnownFileType = sourcecode.c.h; name = ReaderViewController.h; path = Sources/ReaderViewController.h; sourceTree = "<group>"; };
		45BD5A8E13AE6DEC00D6FE97 /* ReaderViewController.m */ = {isa = PBXFileReference; fileEncoding = 4; lastKnownFileType = sourcecode.c.objc; name = ReaderViewController.m; path = Sources/ReaderViewController.m; sourceTree = "<group>"; };
		45BD5A9113AE6F0200D6FE97 /* CGPDFDocument.h */ = {isa = PBXFileReference; fileEncoding = 4; lastKnownFileType = sourcecode.c.h; name = CGPDFDocument.h; path = Sources/CGPDFDocument.h; sourceTree = "<group>"; };
		45BD5A9213AE6F0200D6FE97 /* CGPDFDocument.m */ = {isa = PBXFileReference; fileEncoding = 4; lastKnownFileType = sourcecode.c.objc; name = CGPDFDocument.m; path = Sources/CGPDFDocument.m; sourceTree = "<group>"; };
		45BD5A9313AE6F0200D6FE97 /* ReaderDocument.h */ = {isa = PBXFileReference; fileEncoding = 4; lastKnownFileType = sourcecode.c.h; name = ReaderDocument.h; path = Sources/ReaderDocument.h; sourceTree = "<group>"; };
		45BD5A9413AE6F0200D6FE97 /* ReaderDocument.m */ = {isa = PBXFileReference; fileEncoding = 4; lastKnownFileType = sourcecode.c.objc; name = ReaderDocument.m; path = Sources/ReaderDocument.m; sourceTree = "<group>"; };
		45BD5A9713AE6F0200D6FE97 /* ReaderContentPage.h */ = {isa = PBXFileReference; fileEncoding = 4; lastKnownFileType = sourcecode.c.h; name = ReaderContentPage.h; path = Sources/ReaderContentPage.h; sourceTree = "<group>"; };
		45BD5A9813AE6F0200D6FE97 /* ReaderContentPage.m */ = {isa = PBXFileReference; fileEncoding = 4; lastKnownFileType = sourcecode.c.objc; name = ReaderContentPage.m; path = Sources/ReaderContentPage.m; sourceTree = "<group>"; };
		45BD5A9913AE6F0200D6FE97 /* ReaderContentTile.h */ = {isa = PBXFileReference; fileEncoding = 4; lastKnownFileType = sourcecode.c.h; name = ReaderContentTile.h; path = Sources/ReaderContentTile.h; sourceTree = "<group>"; };
		45BD5A9A13AE6F0200D6FE97 /* ReaderContentTile.m */ = {isa = PBXFileReference; fileEncoding = 4; lastKnownFileType = sourcecode.c.objc; name = ReaderContentTile.m; path = Sources/ReaderContentTile.m; sourceTree = "<group>"; };
		45BD5A9B13AE6F0200D6FE97 /* ReaderContentView.h */ = {isa = PBXFileReference; fileEncoding = 4; lastKnownFileType = sourcecode.c.h; name = ReaderContentView.h; path = Sources/ReaderContentView.h; sourceTree = "<group>"; };
		45BD5A9C13AE6F0200D6FE97 /* ReaderContentView.m */ = {isa = PBXFileReference; fileEncoding = 4; lastKnownFileType = sourcecode.c.objc; name = ReaderContentView.m; path = Sources/ReaderContentView.m; sourceTree = "<group>"; };
		45BD5A9D13AE6F0200D6FE97 /* ReaderMainPagebar.h */ = {isa = PBXFileReference; fileEncoding = 4; lastKnownFileType = sourcecode.c.h; name = ReaderMainPagebar.h; path = Sources/ReaderMainPagebar.h; sourceTree = "<group>"; };
		45BD5A9E13AE6F0200D6FE97 /* ReaderMainPagebar.m */ = {isa = PBXFileReference; fileEncoding = 4; lastKnownFileType = sourcecode.c.objc; name = ReaderMainPagebar.m; path = Sources/ReaderMainPagebar.m; sourceTree = "<group>"; };
		45BD5A9F13AE6F0200D6FE97 /* ReaderMainToolbar.h */ = {isa = PBXFileReference; fileEncoding = 4; lastKnownFileType = sourcecode.c.h; name = ReaderMainToolbar.h; path = Sources/ReaderMainToolbar.h; sourceTree = "<group>"; };
		45BD5AA013AE6F0200D6FE97 /* ReaderMainToolbar.m */ = {isa = PBXFileReference; fileEncoding = 4; lastKnownFileType = sourcecode.c.objc; name = ReaderMainToolbar.m; path = Sources/ReaderMainToolbar.m; sourceTree = "<group>"; };
		45BD5AA313AE6F0200D6FE97 /* ReaderScrollView.h */ = {isa = PBXFileReference; fileEncoding = 4; lastKnownFileType = sourcecode.c.h; name = ReaderScrollView.h; path = Sources/ReaderScrollView.h; sourceTree = "<group>"; };
		45BD5AA413AE6F0200D6FE97 /* ReaderScrollView.m */ = {isa = PBXFileReference; fileEncoding = 4; lastKnownFileType = sourcecode.c.objc; name = ReaderScrollView.m; path = Sources/ReaderScrollView.m; sourceTree = "<group>"; };
		45BD5AFD13AE721A00D6FE97 /* MessageUI.framework */ = {isa = PBXFileReference; lastKnownFileType = wrapper.framework; name = MessageUI.framework; path = System/Library/Frameworks/MessageUI.framework; sourceTree = SDKROOT; };
		45BF2DE912329FA500544AC1 /* AppIcon-PDF.png */ = {isa = PBXFileReference; lastKnownFileType = image.png; name = "AppIcon-PDF.png"; path = "Graphics/AppIcon-PDF.png"; sourceTree = "<group>"; };
		45CED631140BD2720092F460 /* ReaderThumbCache.h */ = {isa = PBXFileReference; fileEncoding = 4; lastKnownFileType = sourcecode.c.h; name = ReaderThumbCache.h; path = Sources/ReaderThumbCache.h; sourceTree = "<group>"; };
		45CED632140BD2720092F460 /* ReaderThumbCache.m */ = {isa = PBXFileReference; fileEncoding = 4; lastKnownFileType = sourcecode.c.objc; name = ReaderThumbCache.m; path = Sources/ReaderThumbCache.m; sourceTree = "<group>"; };
		45CED65B140BEF8D0092F460 /* ReaderThumbQueue.h */ = {isa = PBXFileReference; fileEncoding = 4; lastKnownFileType = sourcecode.c.h; name = ReaderThumbQueue.h; path = Sources/ReaderThumbQueue.h; sourceTree = "<group>"; };
		45CED65C140BEF8D0092F460 /* ReaderThumbQueue.m */ = {isa = PBXFileReference; fileEncoding = 4; lastKnownFileType = sourcecode.c.objc; name = ReaderThumbQueue.m; path = Sources/ReaderThumbQueue.m; sourceTree = "<group>"; };
		45CED664140BF19E0092F460 /* ReaderThumbView.h */ = {isa = PBXFileReference; fileEncoding = 4; lastKnownFileType = sourcecode.c.h; name = ReaderThumbView.h; path = Sources/ReaderThumbView.h; sourceTree = "<group>"; };
		45CED665140BF19E0092F460 /* ReaderThumbView.m */ = {isa = PBXFileReference; fileEncoding = 4; lastKnownFileType = sourcecode.c.objc; name = ReaderThumbView.m; path = Sources/ReaderThumbView.m; sourceTree = "<group>"; };
		45EFD9751236D8EA00AAE9B3 /* README */ = {isa = PBXFileReference; fileEncoding = 4; indentWidth = 8; lastKnownFileType = text; path = README; sourceTree = "<group>"; tabWidth = 8; };
		45FF783D140C065700CD8933 /* ReaderThumbRequest.h */ = {isa = PBXFileReference; fileEncoding = 4; lastKnownFileType = sourcecode.c.h; name = ReaderThumbRequest.h; path = Sources/ReaderThumbRequest.h; sourceTree = "<group>"; };
		45FF783E140C065700CD8933 /* ReaderThumbRequest.m */ = {isa = PBXFileReference; fileEncoding = 4; lastKnownFileType = sourcecode.c.objc; name = ReaderThumbRequest.m; path = Sources/ReaderThumbRequest.m; sourceTree = "<group>"; };
		8D1107310486CEB800E47090 /* Reader-Info.plist */ = {isa = PBXFileReference; fileEncoding = 4; lastKnownFileType = text.plist.xml; path = "Reader-Info.plist"; plistStructureDefinitionIdentifier = "com.apple.xcode.plist.structure-definition.iphone.info-plist"; sourceTree = "<group>"; };
/* End PBXFileReference section */

/* Begin PBXFrameworksBuildPhase section */
		1D60588F0D05DD3D006BFB54 /* Frameworks */ = {
			isa = PBXFrameworksBuildPhase;
			buildActionMask = 2147483647;
			files = (
				1D60589F0D05DD5A006BFB54 /* Foundation.framework in Frameworks */,
				1DF5F4E00D08C38300B7A737 /* UIKit.framework in Frameworks */,
				288765FD0DF74451002DB57D /* CoreGraphics.framework in Frameworks */,
				450A670411D27B9D00014BF5 /* QuartzCore.framework in Frameworks */,
				45BD5AFE13AE721A00D6FE97 /* MessageUI.framework in Frameworks */,
				458DDFD7140D45FA00C5DA94 /* ImageIO.framework in Frameworks */,
			);
			runOnlyForDeploymentPostprocessing = 0;
		};
/* End PBXFrameworksBuildPhase section */

/* Begin PBXGroup section */
		080E96DDFE201D6D7F000001 /* Classes */ = {
			isa = PBXGroup;
			children = (
				1D3623240D0F684500981E51 /* ReaderAppDelegate.h */,
				1D3623250D0F684500981E51 /* ReaderAppDelegate.m */,
				45A981EF13E3063600D2714C /* ReaderDemoController.h */,
				45A981F013E3063600D2714C /* ReaderDemoController.m */,
			);
			path = Classes;
			sourceTree = "<group>";
		};
		19C28FACFE9D520D11CA2CBB /* Products */ = {
			isa = PBXGroup;
			children = (
				1D6058910D05DD3D006BFB54 /* Reader.app */,
			);
			name = Products;
			sourceTree = "<group>";
		};
		29B97314FDCFA39411CA2CEA /* CustomTemplate */ = {
			isa = PBXGroup;
			children = (
				080E96DDFE201D6D7F000001 /* Classes */,
				45BD5A7C13AE6C3B00D6FE97 /* Sources */,
				45CED630140BD22A0092F460 /* Support */,
				29B97315FDCFA39411CA2CEA /* Other Sources */,
				29B97317FDCFA39411CA2CEA /* Resources */,
				450A66D911D27B5800014BF5 /* Graphics */,
				29B97323FDCFA39411CA2CEA /* Frameworks */,
				19C28FACFE9D520D11CA2CBB /* Products */,
			);
			name = CustomTemplate;
			sourceTree = "<group>";
		};
		29B97315FDCFA39411CA2CEA /* Other Sources */ = {
			isa = PBXGroup;
			children = (
				32CA4F630368D1EE00C91783 /* Reader_Prefix.pch */,
				29B97316FDCFA39411CA2CEA /* main.m */,
			);
			name = "Other Sources";
			sourceTree = "<group>";
		};
		29B97317FDCFA39411CA2CEA /* Resources */ = {
			isa = PBXGroup;
			children = (
				8D1107310486CEB800E47090 /* Reader-Info.plist */,
				4541A9D7122EA716001A5E60 /* Localizable.strings */,
				45A4AD5212395BE6005D5625 /* Document.pdf */,
				45EFD9751236D8EA00AAE9B3 /* README */,
				4534A868125F658F001F3415 /* LICENSE */,
			);
			name = Resources;
			sourceTree = "<group>";
		};
		29B97323FDCFA39411CA2CEA /* Frameworks */ = {
			isa = PBXGroup;
			children = (
				1DF5F4DF0D08C38300B7A737 /* UIKit.framework */,
				1D30AB110D05D00D00671497 /* Foundation.framework */,
				288765FC0DF74451002DB57D /* CoreGraphics.framework */,
				450A670311D27B9D00014BF5 /* QuartzCore.framework */,
				45BD5AFD13AE721A00D6FE97 /* MessageUI.framework */,
				458DDFD6140D45FA00C5DA94 /* ImageIO.framework */,
			);
			name = Frameworks;
			sourceTree = "<group>";
		};
		450A66D911D27B5800014BF5 /* Graphics */ = {
			isa = PBXGroup;
			children = (
				450A670C11D27BCD00014BF5 /* AppIcon-057.png */,
				450A670D11D27BCD00014BF5 /* AppIcon-072.png */,
				450A670E11D27BCD00014BF5 /* AppIcon-114.png */,
				45BF2DE912329FA500544AC1 /* AppIcon-PDF.png */,
				456E5A6513DF216D00648175 /* Reader-Email.png */,
				456E5A6613DF216D00648175 /* Reader-Email@2x.png */,
				456E5A6713DF216D00648175 /* Reader-Print.png */,
				456E5A6813DF216D00648175 /* Reader-Print@2x.png */,
			);
			name = Graphics;
			sourceTree = "<group>";
		};
		45BD5A7C13AE6C3B00D6FE97 /* Sources */ = {
			isa = PBXGroup;
			children = (
				45BD5A8B13AE6DEC00D6FE97 /* ReaderConstants.h */,
				45BD5A8C13AE6DEC00D6FE97 /* ReaderConstants.m */,
				45BD5A9313AE6F0200D6FE97 /* ReaderDocument.h */,
				45BD5A9413AE6F0200D6FE97 /* ReaderDocument.m */,
				45BD5A8D13AE6DEC00D6FE97 /* ReaderViewController.h */,
				45BD5A8E13AE6DEC00D6FE97 /* ReaderViewController.m */,
				45BD5A9F13AE6F0200D6FE97 /* ReaderMainToolbar.h */,
				45BD5AA013AE6F0200D6FE97 /* ReaderMainToolbar.m */,
				45BD5A9D13AE6F0200D6FE97 /* ReaderMainPagebar.h */,
				45BD5A9E13AE6F0200D6FE97 /* ReaderMainPagebar.m */,
				45BD5A9B13AE6F0200D6FE97 /* ReaderContentView.h */,
				45BD5A9C13AE6F0200D6FE97 /* ReaderContentView.m */,
				45BD5A9713AE6F0200D6FE97 /* ReaderContentPage.h */,
				45BD5A9813AE6F0200D6FE97 /* ReaderContentPage.m */,
				45BD5A9913AE6F0200D6FE97 /* ReaderContentTile.h */,
				45BD5A9A13AE6F0200D6FE97 /* ReaderContentTile.m */,
				45BD5AA313AE6F0200D6FE97 /* ReaderScrollView.h */,
				45BD5AA413AE6F0200D6FE97 /* ReaderScrollView.m */,
				45BD5A9113AE6F0200D6FE97 /* CGPDFDocument.h */,
				45BD5A9213AE6F0200D6FE97 /* CGPDFDocument.m */,
			);
			name = Sources;
			sourceTree = "<group>";
		};
		45CED630140BD22A0092F460 /* Support */ = {
			isa = PBXGroup;
			children = (
				45CED631140BD2720092F460 /* ReaderThumbCache.h */,
				45CED632140BD2720092F460 /* ReaderThumbCache.m */,
				458DDF81140D34A900C5DA94 /* ReaderThumbFetch.h */,
				458DDF82140D34A900C5DA94 /* ReaderThumbFetch.m */,
				451D32A81417C25D00A67E4C /* ReaderThumbRender.h */,
				451D32A91417C25D00A67E4C /* ReaderThumbRender.m */,
				45CED65B140BEF8D0092F460 /* ReaderThumbQueue.h */,
				45CED65C140BEF8D0092F460 /* ReaderThumbQueue.m */,
				45FF783D140C065700CD8933 /* ReaderThumbRequest.h */,
				45FF783E140C065700CD8933 /* ReaderThumbRequest.m */,
				45CED664140BF19E0092F460 /* ReaderThumbView.h */,
				45CED665140BF19E0092F460 /* ReaderThumbView.m */,
			);
			name = Support;
			sourceTree = "<group>";
		};
/* End PBXGroup section */

/* Begin PBXNativeTarget section */
		1D6058900D05DD3D006BFB54 /* Reader */ = {
			isa = PBXNativeTarget;
			buildConfigurationList = 1D6058960D05DD3E006BFB54 /* Build configuration list for PBXNativeTarget "Reader" */;
			buildPhases = (
				1D60588D0D05DD3D006BFB54 /* Resources */,
				1D60588E0D05DD3D006BFB54 /* Sources */,
				1D60588F0D05DD3D006BFB54 /* Frameworks */,
			);
			buildRules = (
			);
			dependencies = (
			);
			name = Reader;
			productName = Reader;
			productReference = 1D6058910D05DD3D006BFB54 /* Reader.app */;
			productType = "com.apple.product-type.application";
		};
/* End PBXNativeTarget section */

/* Begin PBXProject section */
		29B97313FDCFA39411CA2CEA /* Project object */ = {
			isa = PBXProject;
			buildConfigurationList = C01FCF4E08A954540054247B /* Build configuration list for PBXProject "Reader" */;
			compatibilityVersion = "Xcode 3.2";
			developmentRegion = en;
			hasScannedForEncodings = 1;
			knownRegions = (
				en,
				jp,
				fr,
				de,
			);
			mainGroup = 29B97314FDCFA39411CA2CEA /* CustomTemplate */;
			projectDirPath = "";
			projectRoot = "";
			targets = (
				1D6058900D05DD3D006BFB54 /* Reader */,
			);
		};
/* End PBXProject section */

/* Begin PBXResourcesBuildPhase section */
		1D60588D0D05DD3D006BFB54 /* Resources */ = {
			isa = PBXResourcesBuildPhase;
			buildActionMask = 2147483647;
			files = (
				450A670F11D27BCD00014BF5 /* AppIcon-057.png in Resources */,
				450A671011D27BCD00014BF5 /* AppIcon-072.png in Resources */,
				450A671111D27BCD00014BF5 /* AppIcon-114.png in Resources */,
				4541A9D8122EA716001A5E60 /* Localizable.strings in Resources */,
				45BF2DEA12329FA500544AC1 /* AppIcon-PDF.png in Resources */,
				45EFD9761236D8EA00AAE9B3 /* README in Resources */,
				45A4AD5312395BE6005D5625 /* Document.pdf in Resources */,
				4534A869125F658F001F3415 /* LICENSE in Resources */,
				456E5A6913DF216D00648175 /* Reader-Email.png in Resources */,
				456E5A6A13DF216D00648175 /* Reader-Email@2x.png in Resources */,
				456E5A6B13DF216D00648175 /* Reader-Print.png in Resources */,
				456E5A6C13DF216D00648175 /* Reader-Print@2x.png in Resources */,
			);
			runOnlyForDeploymentPostprocessing = 0;
		};
/* End PBXResourcesBuildPhase section */

/* Begin PBXSourcesBuildPhase section */
		1D60588E0D05DD3D006BFB54 /* Sources */ = {
			isa = PBXSourcesBuildPhase;
			buildActionMask = 2147483647;
			files = (
				1D60589B0D05DD56006BFB54 /* main.m in Sources */,
				1D3623260D0F684500981E51 /* ReaderAppDelegate.m in Sources */,
				45BD5A8F13AE6DEC00D6FE97 /* ReaderConstants.m in Sources */,
				45BD5A9013AE6DEC00D6FE97 /* ReaderViewController.m in Sources */,
				45BD5AB513AE6F0200D6FE97 /* CGPDFDocument.m in Sources */,
				45BD5AB613AE6F0200D6FE97 /* ReaderDocument.m in Sources */,
				45BD5AB813AE6F0200D6FE97 /* ReaderContentPage.m in Sources */,
				45BD5AB913AE6F0200D6FE97 /* ReaderContentTile.m in Sources */,
				45BD5ABA13AE6F0200D6FE97 /* ReaderContentView.m in Sources */,
				45BD5ABB13AE6F0200D6FE97 /* ReaderMainPagebar.m in Sources */,
				45BD5ABC13AE6F0200D6FE97 /* ReaderMainToolbar.m in Sources */,
				45BD5ABE13AE6F0200D6FE97 /* ReaderScrollView.m in Sources */,
				45A981F113E3063600D2714C /* ReaderDemoController.m in Sources */,
				45CED633140BD2720092F460 /* ReaderThumbCache.m in Sources */,
				45CED65D140BEF8D0092F460 /* ReaderThumbQueue.m in Sources */,
				45CED666140BF19E0092F460 /* ReaderThumbView.m in Sources */,
				45FF783F140C065700CD8933 /* ReaderThumbRequest.m in Sources */,
				458DDF83140D34A900C5DA94 /* ReaderThumbFetch.m in Sources */,
				451D32AA1417C25D00A67E4C /* ReaderThumbRender.m in Sources */,
			);
			runOnlyForDeploymentPostprocessing = 0;
		};
/* End PBXSourcesBuildPhase section */

/* Begin PBXVariantGroup section */
		4541A9D7122EA716001A5E60 /* Localizable.strings */ = {
			isa = PBXVariantGroup;
			children = (
				4541A9D5122EA686001A5E60 /* en */,
			);
			name = Localizable.strings;
			sourceTree = "<group>";
		};
/* End PBXVariantGroup section */

/* Begin XCBuildConfiguration section */
		1D6058940D05DD3E006BFB54 /* Debug */ = {
			isa = XCBuildConfiguration;
			buildSettings = {
				ALWAYS_SEARCH_USER_PATHS = NO;
				COPY_PHASE_STRIP = NO;
				GCC_DYNAMIC_NO_PIC = NO;
				GCC_OPTIMIZATION_LEVEL = 0;
				GCC_PRECOMPILE_PREFIX_HEADER = YES;
				GCC_PREFIX_HEADER = Reader_Prefix.pch;
				INFOPLIST_FILE = "Reader-Info.plist";
				PRODUCT_NAME = Reader;
			};
			name = Debug;
		};
		1D6058950D05DD3E006BFB54 /* Release */ = {
			isa = XCBuildConfiguration;
			buildSettings = {
				ALWAYS_SEARCH_USER_PATHS = NO;
				COPY_PHASE_STRIP = YES;
				GCC_PRECOMPILE_PREFIX_HEADER = YES;
				GCC_PREFIX_HEADER = Reader_Prefix.pch;
				INFOPLIST_FILE = "Reader-Info.plist";
				PRODUCT_NAME = Reader;
				VALIDATE_PRODUCT = YES;
			};
			name = Release;
		};
		458529CE13DDE2DF00EDC79D /* Testing */ = {
			isa = XCBuildConfiguration;
			buildSettings = {
				ARCHS = "$(ARCHS_UNIVERSAL_IPHONE_OS)";
				"CODE_SIGN_IDENTITY[sdk=iphoneos*]" = "iPhone Developer";
				GCC_C_LANGUAGE_STANDARD = c99;
				GCC_MODEL_TUNING = "";
				GCC_PREPROCESSOR_DEFINITIONS = NDEBUG;
				GCC_VERSION = com.apple.compilers.llvm.clang.1_0;
				GCC_WARN_ABOUT_RETURN_TYPE = YES;
				GCC_WARN_UNUSED_VARIABLE = YES;
				IPHONEOS_DEPLOYMENT_TARGET = 4.0;
				OTHER_CFLAGS = "-DNS_BLOCK_ASSERTIONS=1";
				PREBINDING = NO;
				SDKROOT = iphoneos;
				TARGETED_DEVICE_FAMILY = "1,2";
			};
			name = Testing;
		};
		458529CF13DDE2DF00EDC79D /* Testing */ = {
			isa = XCBuildConfiguration;
			buildSettings = {
				ALWAYS_SEARCH_USER_PATHS = NO;
				COPY_PHASE_STRIP = YES;
				GCC_PRECOMPILE_PREFIX_HEADER = YES;
				GCC_PREFIX_HEADER = Reader_Prefix.pch;
				INFOPLIST_FILE = "Reader-Info.plist";
				PRODUCT_NAME = Reader;
			};
			name = Testing;
		};
		C01FCF4F08A954540054247B /* Debug */ = {
			isa = XCBuildConfiguration;
			buildSettings = {
				ARCHS = "$(ARCHS_UNIVERSAL_IPHONE_OS)";
				"CODE_SIGN_IDENTITY[sdk=iphoneos*]" = "iPhone Developer";
				GCC_C_LANGUAGE_STANDARD = c99;
				GCC_MODEL_TUNING = "";
				GCC_PREPROCESSOR_DEFINITIONS = DEBUG;
				GCC_VERSION = com.apple.compilers.llvm.clang.1_0;
				GCC_WARN_ABOUT_RETURN_TYPE = YES;
				GCC_WARN_UNUSED_VARIABLE = YES;
				IPHONEOS_DEPLOYMENT_TARGET = 4.0;
				PREBINDING = NO;
				SDKROOT = iphoneos;
				TARGETED_DEVICE_FAMILY = "1,2";
			};
			name = Debug;
		};
		C01FCF5008A954540054247B /* Release */ = {
			isa = XCBuildConfiguration;
			buildSettings = {
				ARCHS = "$(ARCHS_UNIVERSAL_IPHONE_OS)";
				"CODE_SIGN_IDENTITY[sdk=iphoneos*]" = "iPhone Developer";
				GCC_C_LANGUAGE_STANDARD = c99;
				GCC_MODEL_TUNING = "";
				GCC_PREPROCESSOR_DEFINITIONS = NDEBUG;
				GCC_VERSION = com.apple.compilers.llvm.clang.1_0;
				GCC_WARN_ABOUT_RETURN_TYPE = YES;
				GCC_WARN_UNUSED_VARIABLE = YES;
				IPHONEOS_DEPLOYMENT_TARGET = 4.0;
				OTHER_CFLAGS = "-DNS_BLOCK_ASSERTIONS=1";
				PREBINDING = NO;
				SDKROOT = iphoneos;
				TARGETED_DEVICE_FAMILY = "1,2";
			};
			name = Release;
		};
/* End XCBuildConfiguration section */

/* Begin XCConfigurationList section */
		1D6058960D05DD3E006BFB54 /* Build configuration list for PBXNativeTarget "Reader" */ = {
			isa = XCConfigurationList;
			buildConfigurations = (
				1D6058940D05DD3E006BFB54 /* Debug */,
				458529CF13DDE2DF00EDC79D /* Testing */,
				1D6058950D05DD3E006BFB54 /* Release */,
			);
			defaultConfigurationIsVisible = 0;
			defaultConfigurationName = Release;
		};
		C01FCF4E08A954540054247B /* Build configuration list for PBXProject "Reader" */ = {
			isa = XCConfigurationList;
			buildConfigurations = (
				C01FCF4F08A954540054247B /* Debug */,
				458529CE13DDE2DF00EDC79D /* Testing */,
				C01FCF5008A954540054247B /* Release */,
			);
			defaultConfigurationIsVisible = 0;
			defaultConfigurationName = Release;
		};
/* End XCConfigurationList section */
	};
	rootObject = 29B97313FDCFA39411CA2CEA /* Project object */;
}
