// !$*UTF8*$!
{
	archiveVersion = 1;
	classes = {
	};
	objectVersion = 46;
	objects = {

/* Begin PBXBuildFile section */
		1D3623260D0F684500981E51 /* ReaderAppDelegate.m in Sources */ = {isa = PBXBuildFile; fileRef = 1D3623250D0F684500981E51 /* ReaderAppDelegate.m */; };
		1D60589B0D05DD56006BFB54 /* main.m in Sources */ = {isa = PBXBuildFile; fileRef = 29B97316FDCFA39411CA2CEA /* main.m */; };
		1D60589F0D05DD5A006BFB54 /* Foundation.framework in Frameworks */ = {isa = PBXBuildFile; fileRef = 1D30AB110D05D00D00671497 /* Foundation.framework */; };
		1DF5F4E00D08C38300B7A737 /* UIKit.framework in Frameworks */ = {isa = PBXBuildFile; fileRef = 1DF5F4DF0D08C38300B7A737 /* UIKit.framework */; };
		288765FD0DF74451002DB57D /* CoreGraphics.framework in Frameworks */ = {isa = PBXBuildFile; fileRef = 288765FC0DF74451002DB57D /* CoreGraphics.framework */; };
		450A670411D27B9D00014BF5 /* QuartzCore.framework in Frameworks */ = {isa = PBXBuildFile; fileRef = 450A670311D27B9D00014BF5 /* QuartzCore.framework */; };
		450A670F11D27BCD00014BF5 /* Icon-057.png in Resources */ = {isa = PBXBuildFile; fileRef = 450A670C11D27BCD00014BF5 /* Icon-057.png */; };
		450A671011D27BCD00014BF5 /* Icon-072.png in Resources */ = {isa = PBXBuildFile; fileRef = 450A670D11D27BCD00014BF5 /* Icon-072.png */; };
		450A671111D27BCD00014BF5 /* Icon-114.png in Resources */ = {isa = PBXBuildFile; fileRef = 450A670E11D27BCD00014BF5 /* Icon-114.png */; };
		450A674111D286CB00014BF5 /* ReaderViewController.m in Sources */ = {isa = PBXBuildFile; fileRef = 450A674011D286CB00014BF5 /* ReaderViewController.m */; };
		45133CC01236C45E008BE209 /* Icon-Info.png in Resources */ = {isa = PBXBuildFile; fileRef = 45133CBF1236C45E008BE209 /* Icon-Info.png */; };
		4514CE431235269700728CE2 /* UIViewFader.m in Sources */ = {isa = PBXBuildFile; fileRef = 4514CE421235269700728CE2 /* UIViewFader.m */; };
		4541A9D8122EA716001A5E60 /* Localizable.strings in Resources */ = {isa = PBXBuildFile; fileRef = 4541A9D7122EA716001A5E60 /* Localizable.strings */; };
		45A4AD5312395BE6005D5625 /* Reader.pdf in Resources */ = {isa = PBXBuildFile; fileRef = 45A4AD5212395BE6005D5625 /* Reader.pdf */; };
		45B550DB12326A5500DAE92E /* CGPDFDocument.m in Sources */ = {isa = PBXBuildFile; fileRef = 45B550DA12326A5500DAE92E /* CGPDFDocument.m */; };
		45BF2DEA12329FA500544AC1 /* Icon-PDF.png in Resources */ = {isa = PBXBuildFile; fileRef = 45BF2DE912329FA500544AC1 /* Icon-PDF.png */; };
		45DDE5E2122EDAE300292B47 /* PDFViewTiled.m in Sources */ = {isa = PBXBuildFile; fileRef = 45DDE5E1122EDAE300292B47 /* PDFViewTiled.m */; };
		45DDE5F3122EE23700292B47 /* PDFTiledLayer.m in Sources */ = {isa = PBXBuildFile; fileRef = 45DDE5F2122EE23700292B47 /* PDFTiledLayer.m */; };
		45EFD9761236D8EA00AAE9B3 /* Reader.txt in Resources */ = {isa = PBXBuildFile; fileRef = 45EFD9751236D8EA00AAE9B3 /* Reader.txt */; };
/* End PBXBuildFile section */

/* Begin PBXFileReference section */
		1D30AB110D05D00D00671497 /* Foundation.framework */ = {isa = PBXFileReference; lastKnownFileType = wrapper.framework; name = Foundation.framework; path = System/Library/Frameworks/Foundation.framework; sourceTree = SDKROOT; };
		1D3623240D0F684500981E51 /* ReaderAppDelegate.h */ = {isa = PBXFileReference; fileEncoding = 4; lastKnownFileType = sourcecode.c.h; path = ReaderAppDelegate.h; sourceTree = "<group>"; };
		1D3623250D0F684500981E51 /* ReaderAppDelegate.m */ = {isa = PBXFileReference; fileEncoding = 4; lastKnownFileType = sourcecode.c.objc; path = ReaderAppDelegate.m; sourceTree = "<group>"; };
		1D6058910D05DD3D006BFB54 /* Reader.app */ = {isa = PBXFileReference; explicitFileType = wrapper.application; includeInIndex = 0; path = Reader.app; sourceTree = BUILT_PRODUCTS_DIR; };
		1DF5F4DF0D08C38300B7A737 /* UIKit.framework */ = {isa = PBXFileReference; lastKnownFileType = wrapper.framework; name = UIKit.framework; path = System/Library/Frameworks/UIKit.framework; sourceTree = SDKROOT; };
		288765FC0DF74451002DB57D /* CoreGraphics.framework */ = {isa = PBXFileReference; lastKnownFileType = wrapper.framework; name = CoreGraphics.framework; path = System/Library/Frameworks/CoreGraphics.framework; sourceTree = SDKROOT; };
		29B97316FDCFA39411CA2CEA /* main.m */ = {isa = PBXFileReference; fileEncoding = 4; lastKnownFileType = sourcecode.c.objc; name = main.m; path = Sources/main.m; sourceTree = "<group>"; };
		32CA4F630368D1EE00C91783 /* Reader_Prefix.pch */ = {isa = PBXFileReference; fileEncoding = 4; lastKnownFileType = sourcecode.c.h; path = Reader_Prefix.pch; sourceTree = "<group>"; };
		450A670311D27B9D00014BF5 /* QuartzCore.framework */ = {isa = PBXFileReference; lastKnownFileType = wrapper.framework; name = QuartzCore.framework; path = System/Library/Frameworks/QuartzCore.framework; sourceTree = SDKROOT; };
		450A670C11D27BCD00014BF5 /* Icon-057.png */ = {isa = PBXFileReference; lastKnownFileType = image.png; name = "Icon-057.png"; path = "Graphics/Icon-057.png"; sourceTree = "<group>"; };
		450A670D11D27BCD00014BF5 /* Icon-072.png */ = {isa = PBXFileReference; lastKnownFileType = image.png; name = "Icon-072.png"; path = "Graphics/Icon-072.png"; sourceTree = "<group>"; };
		450A670E11D27BCD00014BF5 /* Icon-114.png */ = {isa = PBXFileReference; lastKnownFileType = image.png; name = "Icon-114.png"; path = "Graphics/Icon-114.png"; sourceTree = "<group>"; };
		450A673F11D286CB00014BF5 /* ReaderViewController.h */ = {isa = PBXFileReference; fileEncoding = 4; lastKnownFileType = sourcecode.c.h; path = ReaderViewController.h; sourceTree = "<group>"; };
		450A674011D286CB00014BF5 /* ReaderViewController.m */ = {isa = PBXFileReference; fileEncoding = 4; lastKnownFileType = sourcecode.c.objc; path = ReaderViewController.m; sourceTree = "<group>"; };
		45133CBF1236C45E008BE209 /* Icon-Info.png */ = {isa = PBXFileReference; lastKnownFileType = image.png; name = "Icon-Info.png"; path = "Graphics/Icon-Info.png"; sourceTree = "<group>"; };
		4514CE411235269700728CE2 /* UIViewFader.h */ = {isa = PBXFileReference; fileEncoding = 4; lastKnownFileType = sourcecode.c.h; name = UIViewFader.h; path = Sources/UIViewFader.h; sourceTree = "<group>"; };
		4514CE421235269700728CE2 /* UIViewFader.m */ = {isa = PBXFileReference; fileEncoding = 4; lastKnownFileType = sourcecode.c.objc; name = UIViewFader.m; path = Sources/UIViewFader.m; sourceTree = "<group>"; };
		4541A9D5122EA686001A5E60 /* en */ = {isa = PBXFileReference; fileEncoding = 10; lastKnownFileType = text.plist.strings; name = en; path = Resources/en.lproj/Localizable.strings; sourceTree = "<group>"; };
		45A4AD5212395BE6005D5625 /* Reader.pdf */ = {isa = PBXFileReference; lastKnownFileType = image.pdf; name = Reader.pdf; path = Resources/Reader.pdf; sourceTree = "<group>"; };
		45B550D912326A5500DAE92E /* CGPDFDocument.h */ = {isa = PBXFileReference; fileEncoding = 4; lastKnownFileType = sourcecode.c.h; name = CGPDFDocument.h; path = Sources/CGPDFDocument.h; sourceTree = "<group>"; };
		45B550DA12326A5500DAE92E /* CGPDFDocument.m */ = {isa = PBXFileReference; fileEncoding = 4; lastKnownFileType = sourcecode.c.objc; name = CGPDFDocument.m; path = Sources/CGPDFDocument.m; sourceTree = "<group>"; };
		45BF2DE912329FA500544AC1 /* Icon-PDF.png */ = {isa = PBXFileReference; lastKnownFileType = image.png; name = "Icon-PDF.png"; path = "Graphics/Icon-PDF.png"; sourceTree = "<group>"; };
		45DDE5E0122EDAE300292B47 /* PDFViewTiled.h */ = {isa = PBXFileReference; fileEncoding = 4; lastKnownFileType = sourcecode.c.h; name = PDFViewTiled.h; path = Classes/PDFViewTiled.h; sourceTree = "<group>"; };
		45DDE5E1122EDAE300292B47 /* PDFViewTiled.m */ = {isa = PBXFileReference; fileEncoding = 4; lastKnownFileType = sourcecode.c.objc; name = PDFViewTiled.m; path = Classes/PDFViewTiled.m; sourceTree = "<group>"; };
		45DDE5F1122EE23700292B47 /* PDFTiledLayer.h */ = {isa = PBXFileReference; fileEncoding = 4; lastKnownFileType = sourcecode.c.h; name = PDFTiledLayer.h; path = Classes/PDFTiledLayer.h; sourceTree = "<group>"; };
		45DDE5F2122EE23700292B47 /* PDFTiledLayer.m */ = {isa = PBXFileReference; fileEncoding = 4; lastKnownFileType = sourcecode.c.objc; name = PDFTiledLayer.m; path = Classes/PDFTiledLayer.m; sourceTree = "<group>"; };
		45EFD9751236D8EA00AAE9B3 /* Reader.txt */ = {isa = PBXFileReference; fileEncoding = 4; lastKnownFileType = text; name = Reader.txt; path = Resources/Reader.txt; sourceTree = "<group>"; };
		8D1107310486CEB800E47090 /* Reader-Info.plist */ = {isa = PBXFileReference; fileEncoding = 4; lastKnownFileType = text.plist.xml; path = "Reader-Info.plist"; plistStructureDefinitionIdentifier = "com.apple.xcode.plist.structure-definition.iphone.info-plist"; sourceTree = "<group>"; };
/* End PBXFileReference section */

/* Begin PBXFrameworksBuildPhase section */
		1D60588F0D05DD3D006BFB54 /* Frameworks */ = {
			isa = PBXFrameworksBuildPhase;
			buildActionMask = 2147483647;
			files = (
				1D60589F0D05DD5A006BFB54 /* Foundation.framework in Frameworks */,
				1DF5F4E00D08C38300B7A737 /* UIKit.framework in Frameworks */,
				288765FD0DF74451002DB57D /* CoreGraphics.framework in Frameworks */,
				450A670411D27B9D00014BF5 /* QuartzCore.framework in Frameworks */,
			);
			runOnlyForDeploymentPostprocessing = 0;
		};
/* End PBXFrameworksBuildPhase section */

/* Begin PBXGroup section */
		080E96DDFE201D6D7F000001 /* Classes */ = {
			isa = PBXGroup;
			children = (
				1D3623240D0F684500981E51 /* ReaderAppDelegate.h */,
				1D3623250D0F684500981E51 /* ReaderAppDelegate.m */,
				450A673F11D286CB00014BF5 /* ReaderViewController.h */,
				450A674011D286CB00014BF5 /* ReaderViewController.m */,
			);
			path = Classes;
			sourceTree = "<group>";
		};
		19C28FACFE9D520D11CA2CBB /* Products */ = {
			isa = PBXGroup;
			children = (
				1D6058910D05DD3D006BFB54 /* Reader.app */,
			);
			name = Products;
			sourceTree = "<group>";
		};
		29B97314FDCFA39411CA2CEA /* CustomTemplate */ = {
			isa = PBXGroup;
			children = (
				080E96DDFE201D6D7F000001 /* Classes */,
				450A670011D27B7900014BF5 /* Other Classes */,
				29B97315FDCFA39411CA2CEA /* Other Sources */,
				29B97317FDCFA39411CA2CEA /* Resources */,
				450A66D911D27B5800014BF5 /* Graphics */,
				29B97323FDCFA39411CA2CEA /* Frameworks */,
				19C28FACFE9D520D11CA2CBB /* Products */,
			);
			name = CustomTemplate;
			sourceTree = "<group>";
		};
		29B97315FDCFA39411CA2CEA /* Other Sources */ = {
			isa = PBXGroup;
			children = (
				8D1107310486CEB800E47090 /* Reader-Info.plist */,
				45B550D912326A5500DAE92E /* CGPDFDocument.h */,
				45B550DA12326A5500DAE92E /* CGPDFDocument.m */,
				32CA4F630368D1EE00C91783 /* Reader_Prefix.pch */,
				29B97316FDCFA39411CA2CEA /* main.m */,
			);
			name = "Other Sources";
			sourceTree = "<group>";
		};
		29B97317FDCFA39411CA2CEA /* Resources */ = {
			isa = PBXGroup;
			children = (
				4541A9D7122EA716001A5E60 /* Localizable.strings */,
				45A4AD5212395BE6005D5625 /* Reader.pdf */,
				45EFD9751236D8EA00AAE9B3 /* Reader.txt */,
			);
			name = Resources;
			sourceTree = "<group>";
		};
		29B97323FDCFA39411CA2CEA /* Frameworks */ = {
			isa = PBXGroup;
			children = (
				1DF5F4DF0D08C38300B7A737 /* UIKit.framework */,
				1D30AB110D05D00D00671497 /* Foundation.framework */,
				288765FC0DF74451002DB57D /* CoreGraphics.framework */,
				450A670311D27B9D00014BF5 /* QuartzCore.framework */,
			);
			name = Frameworks;
			sourceTree = "<group>";
		};
		450A66D911D27B5800014BF5 /* Graphics */ = {
			isa = PBXGroup;
			children = (
				450A670E11D27BCD00014BF5 /* Icon-114.png */,
				450A670D11D27BCD00014BF5 /* Icon-072.png */,
				450A670C11D27BCD00014BF5 /* Icon-057.png */,
				45133CBF1236C45E008BE209 /* Icon-Info.png */,
				45BF2DE912329FA500544AC1 /* Icon-PDF.png */,
			);
			name = Graphics;
			sourceTree = "<group>";
		};
		450A670011D27B7900014BF5 /* Other Classes */ = {
			isa = PBXGroup;
			children = (
				45DDE5E0122EDAE300292B47 /* PDFViewTiled.h */,
				45DDE5E1122EDAE300292B47 /* PDFViewTiled.m */,
				45DDE5F1122EE23700292B47 /* PDFTiledLayer.h */,
				45DDE5F2122EE23700292B47 /* PDFTiledLayer.m */,
				4514CE411235269700728CE2 /* UIViewFader.h */,
				4514CE421235269700728CE2 /* UIViewFader.m */,
			);
			name = "Other Classes";
			sourceTree = "<group>";
		};
/* End PBXGroup section */

/* Begin PBXNativeTarget section */
		1D6058900D05DD3D006BFB54 /* Reader */ = {
			isa = PBXNativeTarget;
			buildConfigurationList = 1D6058960D05DD3E006BFB54 /* Build configuration list for PBXNativeTarget "Reader" */;
			buildPhases = (
				1D60588D0D05DD3D006BFB54 /* Resources */,
				1D60588E0D05DD3D006BFB54 /* Sources */,
				1D60588F0D05DD3D006BFB54 /* Frameworks */,
			);
			buildRules = (
			);
			dependencies = (
			);
			name = Reader;
			productName = Reader;
			productReference = 1D6058910D05DD3D006BFB54 /* Reader.app */;
			productType = "com.apple.product-type.application";
		};
/* End PBXNativeTarget section */

/* Begin PBXProject section */
		29B97313FDCFA39411CA2CEA /* Project object */ = {
			isa = PBXProject;
			attributes = {
				ORGANIZATIONNAME = "Julius Oklamcak";
			};
			buildConfigurationList = C01FCF4E08A954540054247B /* Build configuration list for PBXProject "Reader" */;
			compatibilityVersion = "Xcode 3.2";
			developmentRegion = English;
			hasScannedForEncodings = 1;
			knownRegions = (
				English,
				Japanese,
				French,
				German,
			);
			mainGroup = 29B97314FDCFA39411CA2CEA /* CustomTemplate */;
			projectDirPath = "";
			projectRoot = "";
			targets = (
				1D6058900D05DD3D006BFB54 /* Reader */,
			);
		};
/* End PBXProject section */

/* Begin PBXResourcesBuildPhase section */
		1D60588D0D05DD3D006BFB54 /* Resources */ = {
			isa = PBXResourcesBuildPhase;
			buildActionMask = 2147483647;
			files = (
				450A670F11D27BCD00014BF5 /* Icon-057.png in Resources */,
				450A671011D27BCD00014BF5 /* Icon-072.png in Resources */,
				450A671111D27BCD00014BF5 /* Icon-114.png in Resources */,
				4541A9D8122EA716001A5E60 /* Localizable.strings in Resources */,
				45BF2DEA12329FA500544AC1 /* Icon-PDF.png in Resources */,
				45133CC01236C45E008BE209 /* Icon-Info.png in Resources */,
				45EFD9761236D8EA00AAE9B3 /* Reader.txt in Resources */,
				45A4AD5312395BE6005D5625 /* Reader.pdf in Resources */,
			);
			runOnlyForDeploymentPostprocessing = 0;
		};
/* End PBXResourcesBuildPhase section */

/* Begin PBXSourcesBuildPhase section */
		1D60588E0D05DD3D006BFB54 /* Sources */ = {
			isa = PBXSourcesBuildPhase;
			buildActionMask = 2147483647;
			files = (
				1D60589B0D05DD56006BFB54 /* main.m in Sources */,
				1D3623260D0F684500981E51 /* ReaderAppDelegate.m in Sources */,
				450A674111D286CB00014BF5 /* ReaderViewController.m in Sources */,
				45DDE5E2122EDAE300292B47 /* PDFViewTiled.m in Sources */,
				45DDE5F3122EE23700292B47 /* PDFTiledLayer.m in Sources */,
				45B550DB12326A5500DAE92E /* CGPDFDocument.m in Sources */,
				4514CE431235269700728CE2 /* UIViewFader.m in Sources */,
			);
			runOnlyForDeploymentPostprocessing = 0;
		};
/* End PBXSourcesBuildPhase section */

/* Begin PBXVariantGroup section */
		4541A9D7122EA716001A5E60 /* Localizable.strings */ = {
			isa = PBXVariantGroup;
			children = (
				4541A9D5122EA686001A5E60 /* en */,
			);
			name = Localizable.strings;
			sourceTree = "<group>";
		};
/* End PBXVariantGroup section */

/* Begin XCBuildConfiguration section */
		1D6058940D05DD3E006BFB54 /* Debug */ = {
			isa = XCBuildConfiguration;
			buildSettings = {
				ALWAYS_SEARCH_USER_PATHS = NO;
				COPY_PHASE_STRIP = NO;
				GCC_DYNAMIC_NO_PIC = NO;
				GCC_OPTIMIZATION_LEVEL = 0;
				GCC_PRECOMPILE_PREFIX_HEADER = YES;
				GCC_PREFIX_HEADER = Reader_Prefix.pch;
				INFOPLIST_FILE = "Reader-Info.plist";
				PRODUCT_NAME = Reader;
			};
			name = Debug;
		};
		1D6058950D05DD3E006BFB54 /* Release */ = {
			isa = XCBuildConfiguration;
			buildSettings = {
				ALWAYS_SEARCH_USER_PATHS = NO;
				COPY_PHASE_STRIP = YES;
				GCC_PRECOMPILE_PREFIX_HEADER = YES;
				GCC_PREFIX_HEADER = Reader_Prefix.pch;
				INFOPLIST_FILE = "Reader-Info.plist";
				PRODUCT_NAME = Reader;
				VALIDATE_PRODUCT = YES;
			};
			name = Release;
		};
		C01FCF4F08A954540054247B /* Debug */ = {
			isa = XCBuildConfiguration;
			buildSettings = {
				ARCHS = "$(ARCHS_STANDARD_32_BIT)";
				"CODE_SIGN_IDENTITY[sdk=iphoneos*]" = "iPhone Developer";
				GCC_C_LANGUAGE_STANDARD = c99;
				GCC_MODEL_TUNING = "";
				GCC_PREPROCESSOR_DEFINITIONS = DEBUG;
				GCC_VERSION = com.apple.compilers.llvm.clang.1_0;
				GCC_WARN_ABOUT_RETURN_TYPE = YES;
				GCC_WARN_UNUSED_VARIABLE = YES;
				IPHONEOS_DEPLOYMENT_TARGET = 3.2;
				PREBINDING = NO;
				SDKROOT = iphoneos4.1;
				TARGETED_DEVICE_FAMILY = "1,2";
			};
			name = Debug;
		};
		C01FCF5008A954540054247B /* Release */ = {
			isa = XCBuildConfiguration;
			buildSettings = {
				ARCHS = "$(ARCHS_STANDARD_32_BIT)";
				"CODE_SIGN_IDENTITY[sdk=iphoneos*]" = "iPhone Developer";
				GCC_C_LANGUAGE_STANDARD = c99;
				GCC_MODEL_TUNING = "";
				GCC_VERSION = com.apple.compilers.llvm.clang.1_0;
				GCC_WARN_ABOUT_RETURN_TYPE = YES;
				GCC_WARN_UNUSED_VARIABLE = YES;
				IPHONEOS_DEPLOYMENT_TARGET = 3.2;
				OTHER_CFLAGS = "-DNS_BLOCK_ASSERTIONS=1";
				PREBINDING = NO;
				SDKROOT = iphoneos4.1;
				TARGETED_DEVICE_FAMILY = "1,2";
			};
			name = Release;
		};
/* End XCBuildConfiguration section */

/* Begin XCConfigurationList section */
		1D6058960D05DD3E006BFB54 /* Build configuration list for PBXNativeTarget "Reader" */ = {
			isa = XCConfigurationList;
			buildConfigurations = (
				1D6058940D05DD3E006BFB54 /* Debug */,
				1D6058950D05DD3E006BFB54 /* Release */,
			);
			defaultConfigurationIsVisible = 0;
			defaultConfigurationName = Release;
		};
		C01FCF4E08A954540054247B /* Build configuration list for PBXProject "Reader" */ = {
			isa = XCConfigurationList;
			buildConfigurations = (
				C01FCF4F08A954540054247B /* Debug */,
				C01FCF5008A954540054247B /* Release */,
			);
			defaultConfigurationIsVisible = 0;
			defaultConfigurationName = Release;
		};
/* End XCConfigurationList section */
	};
	rootObject = 29B97313FDCFA39411CA2CEA /* Project object */;
}
